
Microsoft Visual Studio Solution File, Format Version 12.00
# Visual Studio Version 16
VisualStudioVersion = 16.0.31112.23
MinimumVisualStudioVersion = 10.0.40219.1
Project("{9A19103F-16F7-4668-BE54-9A1E7A4F7556}") = "Corporate-app", "Corporate-app\Corporate-app.csproj", "{9005CBFB-71CA-4028-AB21-2A51A280FAE6}"
EndProject
Project("{2150E333-8FDC-42A3-9474-1A3956D46DE8}") = "Solution Items", "Solution Items", "{735F52A5-C696-4DFA-8B10-00FFA84C5BB5}"
	ProjectSection(SolutionItems) = preProject
		.editorconfig = .editorconfig
	EndProjectSection
EndProject
Global
	GlobalSection(SolutionConfigurationPlatforms) = preSolution
		Debug|Any CPU = Debug|Any CPU
		Release|Any CPU = Release|Any CPU
	EndGlobalSection
	GlobalSection(ProjectConfigurationPlatforms) = postSolution
		{9005CBFB-71CA-4028-AB21-2A51A280FAE6}.Debug|Any CPU.ActiveCfg = Debug|Any CPU
		{9005CBFB-71CA-4028-AB21-2A51A280FAE6}.Debug|Any CPU.Build.0 = Debug|Any CPU
		{9005CBFB-71CA-4028-AB21-2A51A280FAE6}.Release|Any CPU.ActiveCfg = Release|Any CPU
		{9005CBFB-71CA-4028-AB21-2A51A280FAE6}.Release|Any CPU.Build.0 = Release|Any CPU
	EndGlobalSection
	GlobalSection(SolutionProperties) = preSolution
		HideSolutionNode = FALSE
	EndGlobalSection
	GlobalSection(ExtensibilityGlobals) = postSolution
		SolutionGuid = {70825F98-A6A1-4669-9A83-386982D4BFB4}
	EndGlobalSection
EndGlobal
